
Microsoft Visual Studio Solution File, Format Version 12.00
# Visual Studio 15
VisualStudioVersion = 15.0.28307.421
MinimumVisualStudioVersion = 10.0.40219.1
Project("{FAE04EC0-301F-11D3-BF4B-00C04F79EFBC}") = "MiniProject", "MiniProject\MiniProject.csproj", "{999D84E1-BC81-4299-B738-713B8323F0EF}"
EndProject
Project("{FAE04EC0-301F-11D3-BF4B-00C04F79EFBC}") = "Model", "Model\Model.csproj", "{BCF370A7-0A73-4C93-8D58-43ED894DFDDB}"
EndProject
Project("{FAE04EC0-301F-11D3-BF4B-00C04F79EFBC}") = "Services", "Services\Services.csproj", "{60C45AAD-96D2-4FD3-AA6C-02D832EE2425}"
EndProject
Project("{FAE04EC0-301F-11D3-BF4B-00C04F79EFBC}") = "UnitTestProject", "UnitTestProject\UnitTestProject.csproj", "{6CAAEDFE-1B15-4BA5-BC44-462B55B86DAE}"
EndProject
Global
	GlobalSection(SolutionConfigurationPlatforms) = preSolution
		Debug|Any CPU = Debug|Any CPU
		Release|Any CPU = Release|Any CPU
	EndGlobalSection
	GlobalSection(ProjectConfigurationPlatforms) = postSolution
		{999D84E1-BC81-4299-B738-713B8323F0EF}.Debug|Any CPU.ActiveCfg = Debug|Any CPU
		{999D84E1-BC81-4299-B738-713B8323F0EF}.Debug|Any CPU.Build.0 = Debug|Any CPU
		{999D84E1-BC81-4299-B738-713B8323F0EF}.Release|Any CPU.ActiveCfg = Release|Any CPU
		{999D84E1-BC81-4299-B738-713B8323F0EF}.Release|Any CPU.Build.0 = Release|Any CPU
		{BCF370A7-0A73-4C93-8D58-43ED894DFDDB}.Debug|Any CPU.ActiveCfg = Debug|Any CPU
		{BCF370A7-0A73-4C93-8D58-43ED894DFDDB}.Debug|Any CPU.Build.0 = Debug|Any CPU
		{BCF370A7-0A73-4C93-8D58-43ED894DFDDB}.Release|Any CPU.ActiveCfg = Release|Any CPU
		{BCF370A7-0A73-4C93-8D58-43ED894DFDDB}.Release|Any CPU.Build.0 = Release|Any CPU
		{60C45AAD-96D2-4FD3-AA6C-02D832EE2425}.Debug|Any CPU.ActiveCfg = Debug|Any CPU
		{60C45AAD-96D2-4FD3-AA6C-02D832EE2425}.Debug|Any CPU.Build.0 = Debug|Any CPU
		{60C45AAD-96D2-4FD3-AA6C-02D832EE2425}.Release|Any CPU.ActiveCfg = Release|Any CPU
		{60C45AAD-96D2-4FD3-AA6C-02D832EE2425}.Release|Any CPU.Build.0 = Release|Any CPU
		{6CAAEDFE-1B15-4BA5-BC44-462B55B86DAE}.Debug|Any CPU.ActiveCfg = Debug|Any CPU
		{6CAAEDFE-1B15-4BA5-BC44-462B55B86DAE}.Debug|Any CPU.Build.0 = Debug|Any CPU
		{6CAAEDFE-1B15-4BA5-BC44-462B55B86DAE}.Release|Any CPU.ActiveCfg = Release|Any CPU
		{6CAAEDFE-1B15-4BA5-BC44-462B55B86DAE}.Release|Any CPU.Build.0 = Release|Any CPU
	EndGlobalSection
	GlobalSection(SolutionProperties) = preSolution
		HideSolutionNode = FALSE
	EndGlobalSection
	GlobalSection(ExtensibilityGlobals) = postSolution
		SolutionGuid = {B04790C6-47C4-43D2-B105-2147E7F179FC}
	EndGlobalSection
EndGlobal
